// !$*UTF8*$!
{
	archiveVersion = 1;
	classes = {
	};
	objectVersion = 50;
	objects = {

/* Begin PBXBuildFile section */
		0EBEB2D6EC200912FB59F419 /* Pods_iosUITests.framework in Frameworks */ = {isa = PBXBuildFile; fileRef = 94C54969D9A275C8715D6D9E /* Pods_iosUITests.framework */; };
		1F2A7BB58E12E7B27EA210A3 /* Pods_ios.framework in Frameworks */ = {isa = PBXBuildFile; fileRef = 6D35F536E589CF3D7A3D2E6B /* Pods_ios.framework */; };
		2DC1814F0DC4034EEAF91B4B /* Apparel.swift in Sources */ = {isa = PBXBuildFile; fileRef = 2DC181B7E5F092AC4EA2883B /* Apparel.swift */; };
		2DC185DF3F5D1CA50B490B35 /* Type.swift in Sources */ = {isa = PBXBuildFile; fileRef = 2DC183D10A3610CD24BB29EF /* Type.swift */; };
		2DC1884466355013522D24BF /* Post.swift in Sources */ = {isa = PBXBuildFile; fileRef = 2DC18B76649A2A6FA9B07D7A /* Post.swift */; };
		2DC188B6EA2557422B94EFB0 /* Size.swift in Sources */ = {isa = PBXBuildFile; fileRef = 2DC181E6F36D31771084CB8E /* Size.swift */; };
		6E1FD0173311D54A340B3616 /* Pods_iosTests.framework in Frameworks */ = {isa = PBXBuildFile; fileRef = 716E100426D9BF39419B18F9 /* Pods_iosTests.framework */; };
		A1D3228B2156C49000C7AFF8 /* AppDelegate.swift in Sources */ = {isa = PBXBuildFile; fileRef = A1D3228A2156C49000C7AFF8 /* AppDelegate.swift */; };
		A1D3228D2156C49000C7AFF8 /* StartViewController.swift in Sources */ = {isa = PBXBuildFile; fileRef = A1D3228C2156C49000C7AFF8 /* StartViewController.swift */; };
		A1D322902156C49000C7AFF8 /* Main.storyboard in Resources */ = {isa = PBXBuildFile; fileRef = A1D3228E2156C49000C7AFF8 /* Main.storyboard */; };
		A1D322932156C49000C7AFF8 /* ios.xcdatamodeld in Sources */ = {isa = PBXBuildFile; fileRef = A1D322912156C49000C7AFF8 /* ios.xcdatamodeld */; };
		A1D322952156C49000C7AFF8 /* Assets.xcassets in Resources */ = {isa = PBXBuildFile; fileRef = A1D322942156C49000C7AFF8 /* Assets.xcassets */; };
		A1D322982156C49000C7AFF8 /* LaunchScreen.storyboard in Resources */ = {isa = PBXBuildFile; fileRef = A1D322962156C49000C7AFF8 /* LaunchScreen.storyboard */; };
		A1D322A32156C49100C7AFF8 /* iosTests.swift in Sources */ = {isa = PBXBuildFile; fileRef = A1D322A22156C49100C7AFF8 /* iosTests.swift */; };
		A1D322AE2156C49100C7AFF8 /* iosUITests.swift in Sources */ = {isa = PBXBuildFile; fileRef = A1D322AD2156C49100C7AFF8 /* iosUITests.swift */; };
		A1D322BF2156EA8B00C7AFF8 /* ItemListController.swift in Sources */ = {isa = PBXBuildFile; fileRef = A1D322BE2156EA8B00C7AFF8 /* ItemListController.swift */; };
		A1D322C12156EACB00C7AFF8 /* ApparelTableViewCell.swift in Sources */ = {isa = PBXBuildFile; fileRef = A1D322C02156EACB00C7AFF8 /* ApparelTableViewCell.swift */; };
		A1D322C42156EEA000C7AFF8 /* ApparelViewController.swift in Sources */ = {isa = PBXBuildFile; fileRef = A1D322C32156EEA000C7AFF8 /* ApparelViewController.swift */; };
		A1D322C621570F0500C7AFF8 /* ApparelTypeTableViewController.swift in Sources */ = {isa = PBXBuildFile; fileRef = A1D322C521570F0500C7AFF8 /* ApparelTypeTableViewController.swift */; };
		A1D322C821570FAF00C7AFF8 /* ApparelTypeTableViewCell.swift in Sources */ = {isa = PBXBuildFile; fileRef = A1D322C721570FAF00C7AFF8 /* ApparelTypeTableViewCell.swift */; };
/* End PBXBuildFile section */

/* Begin PBXContainerItemProxy section */
		A1D3229F2156C49100C7AFF8 /* PBXContainerItemProxy */ = {
			isa = PBXContainerItemProxy;
			containerPortal = A1D3227F2156C49000C7AFF8 /* Project object */;
			proxyType = 1;
			remoteGlobalIDString = A1D322862156C49000C7AFF8;
			remoteInfo = ios;
		};
		A1D322AA2156C49100C7AFF8 /* PBXContainerItemProxy */ = {
			isa = PBXContainerItemProxy;
			containerPortal = A1D3227F2156C49000C7AFF8 /* Project object */;
			proxyType = 1;
			remoteGlobalIDString = A1D322862156C49000C7AFF8;
			remoteInfo = ios;
		};
/* End PBXContainerItemProxy section */

/* Begin PBXFileReference section */
		29F9FF538E94B593DD104AA0 /* Pods-iosTests.release.xcconfig */ = {isa = PBXFileReference; includeInIndex = 1; lastKnownFileType = text.xcconfig; name = "Pods-iosTests.release.xcconfig"; path = "Pods/Target Support Files/Pods-iosTests/Pods-iosTests.release.xcconfig"; sourceTree = "<group>"; };
		2DC181B7E5F092AC4EA2883B /* Apparel.swift */ = {isa = PBXFileReference; fileEncoding = 4; lastKnownFileType = sourcecode.swift; path = Apparel.swift; sourceTree = "<group>"; };
		2DC181E6F36D31771084CB8E /* Size.swift */ = {isa = PBXFileReference; fileEncoding = 4; lastKnownFileType = sourcecode.swift; path = Size.swift; sourceTree = "<group>"; };
		2DC183D10A3610CD24BB29EF /* Type.swift */ = {isa = PBXFileReference; fileEncoding = 4; lastKnownFileType = sourcecode.swift; path = Type.swift; sourceTree = "<group>"; };
		2DC18B76649A2A6FA9B07D7A /* Post.swift */ = {isa = PBXFileReference; fileEncoding = 4; lastKnownFileType = sourcecode.swift; path = Post.swift; sourceTree = "<group>"; };
		652524D85866399EB37A3BFA /* Pods-iosUITests.release.xcconfig */ = {isa = PBXFileReference; includeInIndex = 1; lastKnownFileType = text.xcconfig; name = "Pods-iosUITests.release.xcconfig"; path = "Pods/Target Support Files/Pods-iosUITests/Pods-iosUITests.release.xcconfig"; sourceTree = "<group>"; };
		6D35F536E589CF3D7A3D2E6B /* Pods_ios.framework */ = {isa = PBXFileReference; explicitFileType = wrapper.framework; includeInIndex = 0; path = Pods_ios.framework; sourceTree = BUILT_PRODUCTS_DIR; };
		716E100426D9BF39419B18F9 /* Pods_iosTests.framework */ = {isa = PBXFileReference; explicitFileType = wrapper.framework; includeInIndex = 0; path = Pods_iosTests.framework; sourceTree = BUILT_PRODUCTS_DIR; };
		73E9CD7940C8BDF35B058B69 /* Pods-ios.debug.xcconfig */ = {isa = PBXFileReference; includeInIndex = 1; lastKnownFileType = text.xcconfig; name = "Pods-ios.debug.xcconfig"; path = "Pods/Target Support Files/Pods-ios/Pods-ios.debug.xcconfig"; sourceTree = "<group>"; };
		7D27A1CB978B3CD00F9F5D3D /* Pods-iosTests.debug.xcconfig */ = {isa = PBXFileReference; includeInIndex = 1; lastKnownFileType = text.xcconfig; name = "Pods-iosTests.debug.xcconfig"; path = "Pods/Target Support Files/Pods-iosTests/Pods-iosTests.debug.xcconfig"; sourceTree = "<group>"; };
		8DEF72EC55762A34085DC7FB /* Pods-iosUITests.debug.xcconfig */ = {isa = PBXFileReference; includeInIndex = 1; lastKnownFileType = text.xcconfig; name = "Pods-iosUITests.debug.xcconfig"; path = "Pods/Target Support Files/Pods-iosUITests/Pods-iosUITests.debug.xcconfig"; sourceTree = "<group>"; };
		94C54969D9A275C8715D6D9E /* Pods_iosUITests.framework */ = {isa = PBXFileReference; explicitFileType = wrapper.framework; includeInIndex = 0; path = Pods_iosUITests.framework; sourceTree = BUILT_PRODUCTS_DIR; };
		A1D322872156C49000C7AFF8 /* ios.app */ = {isa = PBXFileReference; explicitFileType = wrapper.application; includeInIndex = 0; path = ios.app; sourceTree = BUILT_PRODUCTS_DIR; };
		A1D3228A2156C49000C7AFF8 /* AppDelegate.swift */ = {isa = PBXFileReference; lastKnownFileType = sourcecode.swift; path = AppDelegate.swift; sourceTree = "<group>"; };
		A1D3228C2156C49000C7AFF8 /* StartViewController.swift */ = {isa = PBXFileReference; lastKnownFileType = sourcecode.swift; path = StartViewController.swift; sourceTree = "<group>"; };
		A1D3228F2156C49000C7AFF8 /* Base */ = {isa = PBXFileReference; lastKnownFileType = file.storyboard; name = Base; path = Base.lproj/Main.storyboard; sourceTree = "<group>"; };
		A1D322922156C49000C7AFF8 /* ios.xcdatamodel */ = {isa = PBXFileReference; lastKnownFileType = wrapper.xcdatamodel; path = ios.xcdatamodel; sourceTree = "<group>"; };
		A1D322942156C49000C7AFF8 /* Assets.xcassets */ = {isa = PBXFileReference; lastKnownFileType = folder.assetcatalog; path = Assets.xcassets; sourceTree = "<group>"; };
		A1D322972156C49000C7AFF8 /* Base */ = {isa = PBXFileReference; lastKnownFileType = file.storyboard; name = Base; path = Base.lproj/LaunchScreen.storyboard; sourceTree = "<group>"; };
		A1D322992156C49000C7AFF8 /* Info.plist */ = {isa = PBXFileReference; lastKnownFileType = text.plist.xml; path = Info.plist; sourceTree = "<group>"; };
		A1D3229E2156C49100C7AFF8 /* iosTests.xctest */ = {isa = PBXFileReference; explicitFileType = wrapper.cfbundle; includeInIndex = 0; path = iosTests.xctest; sourceTree = BUILT_PRODUCTS_DIR; };
		A1D322A22156C49100C7AFF8 /* iosTests.swift */ = {isa = PBXFileReference; lastKnownFileType = sourcecode.swift; path = iosTests.swift; sourceTree = "<group>"; };
		A1D322A42156C49100C7AFF8 /* Info.plist */ = {isa = PBXFileReference; lastKnownFileType = text.plist.xml; path = Info.plist; sourceTree = "<group>"; };
		A1D322A92156C49100C7AFF8 /* iosUITests.xctest */ = {isa = PBXFileReference; explicitFileType = wrapper.cfbundle; includeInIndex = 0; path = iosUITests.xctest; sourceTree = BUILT_PRODUCTS_DIR; };
		A1D322AD2156C49100C7AFF8 /* iosUITests.swift */ = {isa = PBXFileReference; lastKnownFileType = sourcecode.swift; path = iosUITests.swift; sourceTree = "<group>"; };
		A1D322AF2156C49100C7AFF8 /* Info.plist */ = {isa = PBXFileReference; lastKnownFileType = text.plist.xml; path = Info.plist; sourceTree = "<group>"; };
		A1D322BE2156EA8B00C7AFF8 /* ItemListController.swift */ = {isa = PBXFileReference; lastKnownFileType = sourcecode.swift; path = ItemListController.swift; sourceTree = "<group>"; };
		A1D322C02156EACB00C7AFF8 /* ApparelTableViewCell.swift */ = {isa = PBXFileReference; lastKnownFileType = sourcecode.swift; path = ApparelTableViewCell.swift; sourceTree = "<group>"; };
		A1D322C32156EEA000C7AFF8 /* ApparelViewController.swift */ = {isa = PBXFileReference; lastKnownFileType = sourcecode.swift; path = ApparelViewController.swift; sourceTree = "<group>"; };
		A1D322C521570F0500C7AFF8 /* ApparelTypeTableViewController.swift */ = {isa = PBXFileReference; lastKnownFileType = sourcecode.swift; path = ApparelTypeTableViewController.swift; sourceTree = "<group>"; };
		A1D322C721570FAF00C7AFF8 /* ApparelTypeTableViewCell.swift */ = {isa = PBXFileReference; lastKnownFileType = sourcecode.swift; path = ApparelTypeTableViewCell.swift; sourceTree = "<group>"; };
		BD0DAF4F1590E0190728AF08 /* Pods-ios.release.xcconfig */ = {isa = PBXFileReference; includeInIndex = 1; lastKnownFileType = text.xcconfig; name = "Pods-ios.release.xcconfig"; path = "Pods/Target Support Files/Pods-ios/Pods-ios.release.xcconfig"; sourceTree = "<group>"; };
/* End PBXFileReference section */

/* Begin PBXFrameworksBuildPhase section */
		A1D322842156C49000C7AFF8 /* Frameworks */ = {
			isa = PBXFrameworksBuildPhase;
			buildActionMask = 2147483647;
			files = (
				1F2A7BB58E12E7B27EA210A3 /* Pods_ios.framework in Frameworks */,
			);
			runOnlyForDeploymentPostprocessing = 0;
		};
		A1D3229B2156C49100C7AFF8 /* Frameworks */ = {
			isa = PBXFrameworksBuildPhase;
			buildActionMask = 2147483647;
			files = (
				6E1FD0173311D54A340B3616 /* Pods_iosTests.framework in Frameworks */,
			);
			runOnlyForDeploymentPostprocessing = 0;
		};
		A1D322A62156C49100C7AFF8 /* Frameworks */ = {
			isa = PBXFrameworksBuildPhase;
			buildActionMask = 2147483647;
			files = (
				0EBEB2D6EC200912FB59F419 /* Pods_iosUITests.framework in Frameworks */,
			);
			runOnlyForDeploymentPostprocessing = 0;
		};
/* End PBXFrameworksBuildPhase section */

/* Begin PBXGroup section */
		2DC18E44556A1A8D521DFB2B /* models */ = {
			isa = PBXGroup;
			children = (
				2DC181B7E5F092AC4EA2883B /* Apparel.swift */,
				2DC181E6F36D31771084CB8E /* Size.swift */,
				2DC183D10A3610CD24BB29EF /* Type.swift */,
				2DC18B76649A2A6FA9B07D7A /* Post.swift */,
			);
			path = models;
			sourceTree = "<group>";
		};
		A1D3227E2156C49000C7AFF8 = {
			isa = PBXGroup;
			children = (
				A1D322892156C49000C7AFF8 /* ios */,
				A1D322A12156C49100C7AFF8 /* iosTests */,
				A1D322AC2156C49100C7AFF8 /* iosUITests */,
				A1D322882156C49000C7AFF8 /* Products */,
				D27A00EDF2ACDE8ACD747242 /* Pods */,
				E90DA1B1FBD4691AFDEE55F7 /* Frameworks */,
			);
			sourceTree = "<group>";
		};
		A1D322882156C49000C7AFF8 /* Products */ = {
			isa = PBXGroup;
			children = (
				A1D322872156C49000C7AFF8 /* ios.app */,
				A1D3229E2156C49100C7AFF8 /* iosTests.xctest */,
				A1D322A92156C49100C7AFF8 /* iosUITests.xctest */,
			);
			name = Products;
			sourceTree = "<group>";
		};
		A1D322892156C49000C7AFF8 /* ios */ = {
			isa = PBXGroup;
			children = (
				A1D322C22156EAD000C7AFF8 /* cell */,
				A1D322BB2156C51A00C7AFF8 /* viewcontroller */,
				A1D3228A2156C49000C7AFF8 /* AppDelegate.swift */,
				A1D3228E2156C49000C7AFF8 /* Main.storyboard */,
				A1D322942156C49000C7AFF8 /* Assets.xcassets */,
				A1D322962156C49000C7AFF8 /* LaunchScreen.storyboard */,
				A1D322992156C49000C7AFF8 /* Info.plist */,
				A1D322912156C49000C7AFF8 /* ios.xcdatamodeld */,
				2DC18E44556A1A8D521DFB2B /* models */,
			);
			path = ios;
			sourceTree = "<group>";
		};
		A1D322A12156C49100C7AFF8 /* iosTests */ = {
			isa = PBXGroup;
			children = (
				A1D322A22156C49100C7AFF8 /* iosTests.swift */,
				A1D322A42156C49100C7AFF8 /* Info.plist */,
			);
			path = iosTests;
			sourceTree = "<group>";
		};
		A1D322AC2156C49100C7AFF8 /* iosUITests */ = {
			isa = PBXGroup;
			children = (
				A1D322AD2156C49100C7AFF8 /* iosUITests.swift */,
				A1D322AF2156C49100C7AFF8 /* Info.plist */,
			);
			path = iosUITests;
			sourceTree = "<group>";
		};
		A1D322BB2156C51A00C7AFF8 /* viewcontroller */ = {
			isa = PBXGroup;
			children = (
				A1D3228C2156C49000C7AFF8 /* StartViewController.swift */,
				A1D322BE2156EA8B00C7AFF8 /* ItemListController.swift */,
				A1D322C32156EEA000C7AFF8 /* ApparelViewController.swift */,
				A1D322C521570F0500C7AFF8 /* ApparelTypeTableViewController.swift */,
			);
			path = viewcontroller;
			sourceTree = "<group>";
		};
		A1D322C22156EAD000C7AFF8 /* cell */ = {
			isa = PBXGroup;
			children = (
				A1D322C02156EACB00C7AFF8 /* ApparelTableViewCell.swift */,
				A1D322C721570FAF00C7AFF8 /* ApparelTypeTableViewCell.swift */,
			);
			path = cell;
			sourceTree = "<group>";
		};
		D27A00EDF2ACDE8ACD747242 /* Pods */ = {
			isa = PBXGroup;
			children = (
				73E9CD7940C8BDF35B058B69 /* Pods-ios.debug.xcconfig */,
				BD0DAF4F1590E0190728AF08 /* Pods-ios.release.xcconfig */,
				7D27A1CB978B3CD00F9F5D3D /* Pods-iosTests.debug.xcconfig */,
				29F9FF538E94B593DD104AA0 /* Pods-iosTests.release.xcconfig */,
				8DEF72EC55762A34085DC7FB /* Pods-iosUITests.debug.xcconfig */,
				652524D85866399EB37A3BFA /* Pods-iosUITests.release.xcconfig */,
			);
			name = Pods;
			sourceTree = "<group>";
		};
		E90DA1B1FBD4691AFDEE55F7 /* Frameworks */ = {
			isa = PBXGroup;
			children = (
				6D35F536E589CF3D7A3D2E6B /* Pods_ios.framework */,
				716E100426D9BF39419B18F9 /* Pods_iosTests.framework */,
				94C54969D9A275C8715D6D9E /* Pods_iosUITests.framework */,
			);
			name = Frameworks;
			sourceTree = "<group>";
		};
/* End PBXGroup section */

/* Begin PBXNativeTarget section */
		A1D322862156C49000C7AFF8 /* ios */ = {
			isa = PBXNativeTarget;
			buildConfigurationList = A1D322B22156C49100C7AFF8 /* Build configuration list for PBXNativeTarget "ios" */;
			buildPhases = (
				9A736F6C98DFD2C7E1E8B633 /* [CP] Check Pods Manifest.lock */,
				A1D322832156C49000C7AFF8 /* Sources */,
				A1D322842156C49000C7AFF8 /* Frameworks */,
				A1D322852156C49000C7AFF8 /* Resources */,
			);
			buildRules = (
			);
			dependencies = (
			);
			name = ios;
			productName = ios;
			productReference = A1D322872156C49000C7AFF8 /* ios.app */;
			productType = "com.apple.product-type.application";
		};
		A1D3229D2156C49100C7AFF8 /* iosTests */ = {
			isa = PBXNativeTarget;
			buildConfigurationList = A1D322B52156C49100C7AFF8 /* Build configuration list for PBXNativeTarget "iosTests" */;
			buildPhases = (
				5AFAACD557345CAC9A787291 /* [CP] Check Pods Manifest.lock */,
				A1D3229A2156C49100C7AFF8 /* Sources */,
				A1D3229B2156C49100C7AFF8 /* Frameworks */,
				A1D3229C2156C49100C7AFF8 /* Resources */,
			);
			buildRules = (
			);
			dependencies = (
				A1D322A02156C49100C7AFF8 /* PBXTargetDependency */,
			);
			name = iosTests;
			productName = iosTests;
			productReference = A1D3229E2156C49100C7AFF8 /* iosTests.xctest */;
			productType = "com.apple.product-type.bundle.unit-test";
		};
		A1D322A82156C49100C7AFF8 /* iosUITests */ = {
			isa = PBXNativeTarget;
			buildConfigurationList = A1D322B82156C49100C7AFF8 /* Build configuration list for PBXNativeTarget "iosUITests" */;
			buildPhases = (
				77EE391E098C3DF132FA3437 /* [CP] Check Pods Manifest.lock */,
				A1D322A52156C49100C7AFF8 /* Sources */,
				A1D322A62156C49100C7AFF8 /* Frameworks */,
				A1D322A72156C49100C7AFF8 /* Resources */,
			);
			buildRules = (
			);
			dependencies = (
				A1D322AB2156C49100C7AFF8 /* PBXTargetDependency */,
			);
			name = iosUITests;
			productName = iosUITests;
			productReference = A1D322A92156C49100C7AFF8 /* iosUITests.xctest */;
			productType = "com.apple.product-type.bundle.ui-testing";
		};
/* End PBXNativeTarget section */

/* Begin PBXProject section */
		A1D3227F2156C49000C7AFF8 /* Project object */ = {
			isa = PBXProject;
			attributes = {
				LastSwiftUpdateCheck = 0940;
				LastUpgradeCheck = 0940;
				ORGANIZATIONNAME = lawonga;
				TargetAttributes = {
					A1D322862156C49000C7AFF8 = {
						CreatedOnToolsVersion = 9.4.1;
					};
					A1D3229D2156C49100C7AFF8 = {
						CreatedOnToolsVersion = 9.4.1;
						TestTargetID = A1D322862156C49000C7AFF8;
					};
					A1D322A82156C49100C7AFF8 = {
						CreatedOnToolsVersion = 9.4.1;
						TestTargetID = A1D322862156C49000C7AFF8;
					};
				};
			};
			buildConfigurationList = A1D322822156C49000C7AFF8 /* Build configuration list for PBXProject "ios" */;
			compatibilityVersion = "Xcode 9.3";
			developmentRegion = en;
			hasScannedForEncodings = 0;
			knownRegions = (
				en,
				Base,
			);
			mainGroup = A1D3227E2156C49000C7AFF8;
			productRefGroup = A1D322882156C49000C7AFF8 /* Products */;
			projectDirPath = "";
			projectRoot = "";
			targets = (
				A1D322862156C49000C7AFF8 /* ios */,
				A1D3229D2156C49100C7AFF8 /* iosTests */,
				A1D322A82156C49100C7AFF8 /* iosUITests */,
			);
		};
/* End PBXProject section */

/* Begin PBXResourcesBuildPhase section */
		A1D322852156C49000C7AFF8 /* Resources */ = {
			isa = PBXResourcesBuildPhase;
			buildActionMask = 2147483647;
			files = (
				A1D322982156C49000C7AFF8 /* LaunchScreen.storyboard in Resources */,
				A1D322952156C49000C7AFF8 /* Assets.xcassets in Resources */,
				A1D322902156C49000C7AFF8 /* Main.storyboard in Resources */,
			);
			runOnlyForDeploymentPostprocessing = 0;
		};
		A1D3229C2156C49100C7AFF8 /* Resources */ = {
			isa = PBXResourcesBuildPhase;
			buildActionMask = 2147483647;
			files = (
			);
			runOnlyForDeploymentPostprocessing = 0;
		};
		A1D322A72156C49100C7AFF8 /* Resources */ = {
			isa = PBXResourcesBuildPhase;
			buildActionMask = 2147483647;
			files = (
			);
			runOnlyForDeploymentPostprocessing = 0;
		};
/* End PBXResourcesBuildPhase section */

/* Begin PBXShellScriptBuildPhase section */
		5AFAACD557345CAC9A787291 /* [CP] Check Pods Manifest.lock */ = {
			isa = PBXShellScriptBuildPhase;
			buildActionMask = 2147483647;
			files = (
			);
			inputPaths = (
				"${PODS_PODFILE_DIR_PATH}/Podfile.lock",
				"${PODS_ROOT}/Manifest.lock",
			);
			name = "[CP] Check Pods Manifest.lock";
			outputPaths = (
				"$(DERIVED_FILE_DIR)/Pods-iosTests-checkManifestLockResult.txt",
			);
			runOnlyForDeploymentPostprocessing = 0;
			shellPath = /bin/sh;
			shellScript = "diff \"${PODS_PODFILE_DIR_PATH}/Podfile.lock\" \"${PODS_ROOT}/Manifest.lock\" > /dev/null\nif [ $? != 0 ] ; then\n    # print error to STDERR\n    echo \"error: The sandbox is not in sync with the Podfile.lock. Run 'pod install' or update your CocoaPods installation.\" >&2\n    exit 1\nfi\n# This output is used by Xcode 'outputs' to avoid re-running this script phase.\necho \"SUCCESS\" > \"${SCRIPT_OUTPUT_FILE_0}\"\n";
			showEnvVarsInLog = 0;
		};
		77EE391E098C3DF132FA3437 /* [CP] Check Pods Manifest.lock */ = {
			isa = PBXShellScriptBuildPhase;
			buildActionMask = 2147483647;
			files = (
			);
			inputPaths = (
				"${PODS_PODFILE_DIR_PATH}/Podfile.lock",
				"${PODS_ROOT}/Manifest.lock",
			);
			name = "[CP] Check Pods Manifest.lock";
			outputPaths = (
				"$(DERIVED_FILE_DIR)/Pods-iosUITests-checkManifestLockResult.txt",
			);
			runOnlyForDeploymentPostprocessing = 0;
			shellPath = /bin/sh;
			shellScript = "diff \"${PODS_PODFILE_DIR_PATH}/Podfile.lock\" \"${PODS_ROOT}/Manifest.lock\" > /dev/null\nif [ $? != 0 ] ; then\n    # print error to STDERR\n    echo \"error: The sandbox is not in sync with the Podfile.lock. Run 'pod install' or update your CocoaPods installation.\" >&2\n    exit 1\nfi\n# This output is used by Xcode 'outputs' to avoid re-running this script phase.\necho \"SUCCESS\" > \"${SCRIPT_OUTPUT_FILE_0}\"\n";
			showEnvVarsInLog = 0;
		};
		9A736F6C98DFD2C7E1E8B633 /* [CP] Check Pods Manifest.lock */ = {
			isa = PBXShellScriptBuildPhase;
			buildActionMask = 2147483647;
			files = (
			);
			inputPaths = (
				"${PODS_PODFILE_DIR_PATH}/Podfile.lock",
				"${PODS_ROOT}/Manifest.lock",
			);
			name = "[CP] Check Pods Manifest.lock";
			outputPaths = (
				"$(DERIVED_FILE_DIR)/Pods-ios-checkManifestLockResult.txt",
			);
			runOnlyForDeploymentPostprocessing = 0;
			shellPath = /bin/sh;
			shellScript = "diff \"${PODS_PODFILE_DIR_PATH}/Podfile.lock\" \"${PODS_ROOT}/Manifest.lock\" > /dev/null\nif [ $? != 0 ] ; then\n    # print error to STDERR\n    echo \"error: The sandbox is not in sync with the Podfile.lock. Run 'pod install' or update your CocoaPods installation.\" >&2\n    exit 1\nfi\n# This output is used by Xcode 'outputs' to avoid re-running this script phase.\necho \"SUCCESS\" > \"${SCRIPT_OUTPUT_FILE_0}\"\n";
			showEnvVarsInLog = 0;
		};
/* End PBXShellScriptBuildPhase section */

/* Begin PBXSourcesBuildPhase section */
		A1D322832156C49000C7AFF8 /* Sources */ = {
			isa = PBXSourcesBuildPhase;
			buildActionMask = 2147483647;
			files = (
				A1D322932156C49000C7AFF8 /* ios.xcdatamodeld in Sources */,
				A1D3228D2156C49000C7AFF8 /* StartViewController.swift in Sources */,
				A1D322C42156EEA000C7AFF8 /* ApparelViewController.swift in Sources */,
				A1D322C621570F0500C7AFF8 /* ApparelTypeTableViewController.swift in Sources */,
				A1D3228B2156C49000C7AFF8 /* AppDelegate.swift in Sources */,
				2DC1814F0DC4034EEAF91B4B /* Apparel.swift in Sources */,
				2DC188B6EA2557422B94EFB0 /* Size.swift in Sources */,
				A1D322C12156EACB00C7AFF8 /* ApparelTableViewCell.swift in Sources */,
				A1D322C821570FAF00C7AFF8 /* ApparelTypeTableViewCell.swift in Sources */,
				A1D322BF2156EA8B00C7AFF8 /* ItemListController.swift in Sources */,
				2DC185DF3F5D1CA50B490B35 /* Type.swift in Sources */,
				2DC1884466355013522D24BF /* Post.swift in Sources */,
			);
			runOnlyForDeploymentPostprocessing = 0;
		};
		A1D3229A2156C49100C7AFF8 /* Sources */ = {
			isa = PBXSourcesBuildPhase;
			buildActionMask = 2147483647;
			files = (
				A1D322A32156C49100C7AFF8 /* iosTests.swift in Sources */,
			);
			runOnlyForDeploymentPostprocessing = 0;
		};
		A1D322A52156C49100C7AFF8 /* Sources */ = {
			isa = PBXSourcesBuildPhase;
			buildActionMask = 2147483647;
			files = (
				A1D322AE2156C49100C7AFF8 /* iosUITests.swift in Sources */,
			);
			runOnlyForDeploymentPostprocessing = 0;
		};
/* End PBXSourcesBuildPhase section */

/* Begin PBXTargetDependency section */
		A1D322A02156C49100C7AFF8 /* PBXTargetDependency */ = {
			isa = PBXTargetDependency;
			target = A1D322862156C49000C7AFF8 /* ios */;
			targetProxy = A1D3229F2156C49100C7AFF8 /* PBXContainerItemProxy */;
		};
		A1D322AB2156C49100C7AFF8 /* PBXTargetDependency */ = {
			isa = PBXTargetDependency;
			target = A1D322862156C49000C7AFF8 /* ios */;
			targetProxy = A1D322AA2156C49100C7AFF8 /* PBXContainerItemProxy */;
		};
/* End PBXTargetDependency section */

/* Begin PBXVariantGroup section */
		A1D3228E2156C49000C7AFF8 /* Main.storyboard */ = {
			isa = PBXVariantGroup;
			children = (
				A1D3228F2156C49000C7AFF8 /* Base */,
			);
			name = Main.storyboard;
			sourceTree = "<group>";
		};
		A1D322962156C49000C7AFF8 /* LaunchScreen.storyboard */ = {
			isa = PBXVariantGroup;
			children = (
				A1D322972156C49000C7AFF8 /* Base */,
			);
			name = LaunchScreen.storyboard;
			sourceTree = "<group>";
		};
/* End PBXVariantGroup section */

/* Begin XCBuildConfiguration section */
		A1D322B02156C49100C7AFF8 /* Debug */ = {
			isa = XCBuildConfiguration;
			buildSettings = {
				ALWAYS_SEARCH_USER_PATHS = NO;
				CLANG_ANALYZER_NONNULL = YES;
				CLANG_ANALYZER_NUMBER_OBJECT_CONVERSION = YES_AGGRESSIVE;
				CLANG_CXX_LANGUAGE_STANDARD = "gnu++14";
				CLANG_CXX_LIBRARY = "libc++";
				CLANG_ENABLE_MODULES = YES;
				CLANG_ENABLE_OBJC_ARC = YES;
				CLANG_ENABLE_OBJC_WEAK = YES;
				CLANG_WARN_BLOCK_CAPTURE_AUTORELEASING = YES;
				CLANG_WARN_BOOL_CONVERSION = YES;
				CLANG_WARN_COMMA = YES;
				CLANG_WARN_CONSTANT_CONVERSION = YES;
				CLANG_WARN_DEPRECATED_OBJC_IMPLEMENTATIONS = YES;
				CLANG_WARN_DIRECT_OBJC_ISA_USAGE = YES_ERROR;
				CLANG_WARN_DOCUMENTATION_COMMENTS = YES;
				CLANG_WARN_EMPTY_BODY = YES;
				CLANG_WARN_ENUM_CONVERSION = YES;
				CLANG_WARN_INFINITE_RECURSION = YES;
				CLANG_WARN_INT_CONVERSION = YES;
				CLANG_WARN_NON_LITERAL_NULL_CONVERSION = YES;
				CLANG_WARN_OBJC_IMPLICIT_RETAIN_SELF = YES;
				CLANG_WARN_OBJC_LITERAL_CONVERSION = YES;
				CLANG_WARN_OBJC_ROOT_CLASS = YES_ERROR;
				CLANG_WARN_RANGE_LOOP_ANALYSIS = YES;
				CLANG_WARN_STRICT_PROTOTYPES = YES;
				CLANG_WARN_SUSPICIOUS_MOVE = YES;
				CLANG_WARN_UNGUARDED_AVAILABILITY = YES_AGGRESSIVE;
				CLANG_WARN_UNREACHABLE_CODE = YES;
				CLANG_WARN__DUPLICATE_METHOD_MATCH = YES;
				CODE_SIGN_IDENTITY = "iPhone Developer";
				COPY_PHASE_STRIP = NO;
				DEBUG_INFORMATION_FORMAT = dwarf;
				ENABLE_STRICT_OBJC_MSGSEND = YES;
				ENABLE_TESTABILITY = YES;
				GCC_C_LANGUAGE_STANDARD = gnu11;
				GCC_DYNAMIC_NO_PIC = NO;
				GCC_NO_COMMON_BLOCKS = YES;
				GCC_OPTIMIZATION_LEVEL = 0;
				GCC_PREPROCESSOR_DEFINITIONS = (
					"DEBUG=1",
					"$(inherited)",
				);
				GCC_WARN_64_TO_32_BIT_CONVERSION = YES;
				GCC_WARN_ABOUT_RETURN_TYPE = YES_ERROR;
				GCC_WARN_UNDECLARED_SELECTOR = YES;
				GCC_WARN_UNINITIALIZED_AUTOS = YES_AGGRESSIVE;
				GCC_WARN_UNUSED_FUNCTION = YES;
				GCC_WARN_UNUSED_VARIABLE = YES;
				IPHONEOS_DEPLOYMENT_TARGET = 11.4;
				MTL_ENABLE_DEBUG_INFO = YES;
				ONLY_ACTIVE_ARCH = YES;
				SDKROOT = iphoneos;
				SWIFT_ACTIVE_COMPILATION_CONDITIONS = DEBUG;
				SWIFT_OPTIMIZATION_LEVEL = "-Onone";
			};
			name = Debug;
		};
		A1D322B12156C49100C7AFF8 /* Release */ = {
			isa = XCBuildConfiguration;
			buildSettings = {
				ALWAYS_SEARCH_USER_PATHS = NO;
				CLANG_ANALYZER_NONNULL = YES;
				CLANG_ANALYZER_NUMBER_OBJECT_CONVERSION = YES_AGGRESSIVE;
				CLANG_CXX_LANGUAGE_STANDARD = "gnu++14";
				CLANG_CXX_LIBRARY = "libc++";
				CLANG_ENABLE_MODULES = YES;
				CLANG_ENABLE_OBJC_ARC = YES;
				CLANG_ENABLE_OBJC_WEAK = YES;
				CLANG_WARN_BLOCK_CAPTURE_AUTORELEASING = YES;
				CLANG_WARN_BOOL_CONVERSION = YES;
				CLANG_WARN_COMMA = YES;
				CLANG_WARN_CONSTANT_CONVERSION = YES;
				CLANG_WARN_DEPRECATED_OBJC_IMPLEMENTATIONS = YES;
				CLANG_WARN_DIRECT_OBJC_ISA_USAGE = YES_ERROR;
				CLANG_WARN_DOCUMENTATION_COMMENTS = YES;
				CLANG_WARN_EMPTY_BODY = YES;
				CLANG_WARN_ENUM_CONVERSION = YES;
				CLANG_WARN_INFINITE_RECURSION = YES;
				CLANG_WARN_INT_CONVERSION = YES;
				CLANG_WARN_NON_LITERAL_NULL_CONVERSION = YES;
				CLANG_WARN_OBJC_IMPLICIT_RETAIN_SELF = YES;
				CLANG_WARN_OBJC_LITERAL_CONVERSION = YES;
				CLANG_WARN_OBJC_ROOT_CLASS = YES_ERROR;
				CLANG_WARN_RANGE_LOOP_ANALYSIS = YES;
				CLANG_WARN_STRICT_PROTOTYPES = YES;
				CLANG_WARN_SUSPICIOUS_MOVE = YES;
				CLANG_WARN_UNGUARDED_AVAILABILITY = YES_AGGRESSIVE;
				CLANG_WARN_UNREACHABLE_CODE = YES;
				CLANG_WARN__DUPLICATE_METHOD_MATCH = YES;
				CODE_SIGN_IDENTITY = "iPhone Developer";
				COPY_PHASE_STRIP = NO;
				DEBUG_INFORMATION_FORMAT = "dwarf-with-dsym";
				ENABLE_NS_ASSERTIONS = NO;
				ENABLE_STRICT_OBJC_MSGSEND = YES;
				GCC_C_LANGUAGE_STANDARD = gnu11;
				GCC_NO_COMMON_BLOCKS = YES;
				GCC_WARN_64_TO_32_BIT_CONVERSION = YES;
				GCC_WARN_ABOUT_RETURN_TYPE = YES_ERROR;
				GCC_WARN_UNDECLARED_SELECTOR = YES;
				GCC_WARN_UNINITIALIZED_AUTOS = YES_AGGRESSIVE;
				GCC_WARN_UNUSED_FUNCTION = YES;
				GCC_WARN_UNUSED_VARIABLE = YES;
				IPHONEOS_DEPLOYMENT_TARGET = 11.4;
				MTL_ENABLE_DEBUG_INFO = NO;
				SDKROOT = iphoneos;
				SWIFT_COMPILATION_MODE = wholemodule;
				SWIFT_OPTIMIZATION_LEVEL = "-O";
				VALIDATE_PRODUCT = YES;
			};
			name = Release;
		};
		A1D322B32156C49100C7AFF8 /* Debug */ = {
			isa = XCBuildConfiguration;
			baseConfigurationReference = 73E9CD7940C8BDF35B058B69 /* Pods-ios.debug.xcconfig */;
			buildSettings = {
				ASSETCATALOG_COMPILER_APPICON_NAME = AppIcon;
				CODE_SIGN_STYLE = Automatic;
				INFOPLIST_FILE = ios/Info.plist;
				LD_RUNPATH_SEARCH_PATHS = (
					"$(inherited)",
					"@executable_path/Frameworks",
				);
				PRODUCT_BUNDLE_IDENTIFIER = lawonga.ios;
				PRODUCT_NAME = "$(TARGET_NAME)";
				SWIFT_VERSION = 4.0;
				TARGETED_DEVICE_FAMILY = "1,2";
			};
			name = Debug;
		};
		A1D322B42156C49100C7AFF8 /* Release */ = {
			isa = XCBuildConfiguration;
			baseConfigurationReference = BD0DAF4F1590E0190728AF08 /* Pods-ios.release.xcconfig */;
			buildSettings = {
				ASSETCATALOG_COMPILER_APPICON_NAME = AppIcon;
				CODE_SIGN_STYLE = Automatic;
				INFOPLIST_FILE = ios/Info.plist;
				LD_RUNPATH_SEARCH_PATHS = (
					"$(inherited)",
					"@executable_path/Frameworks",
				);
				PRODUCT_BUNDLE_IDENTIFIER = lawonga.ios;
				PRODUCT_NAME = "$(TARGET_NAME)";
				SWIFT_VERSION = 4.0;
				TARGETED_DEVICE_FAMILY = "1,2";
			};
			name = Release;
		};
		A1D322B62156C49100C7AFF8 /* Debug */ = {
			isa = XCBuildConfiguration;
			baseConfigurationReference = 7D27A1CB978B3CD00F9F5D3D /* Pods-iosTests.debug.xcconfig */;
			buildSettings = {
				ALWAYS_EMBED_SWIFT_STANDARD_LIBRARIES = YES;
				BUNDLE_LOADER = "$(TEST_HOST)";
				CODE_SIGN_STYLE = Automatic;
				INFOPLIST_FILE = iosTests/Info.plist;
				LD_RUNPATH_SEARCH_PATHS = (
					"$(inherited)",
					"@executable_path/Frameworks",
					"@loader_path/Frameworks",
				);
				PRODUCT_BUNDLE_IDENTIFIER = lawonga.iosTests;
				PRODUCT_NAME = "$(TARGET_NAME)";
				SWIFT_VERSION = 4.0;
				TARGETED_DEVICE_FAMILY = "1,2";
				TEST_HOST = "$(BUILT_PRODUCTS_DIR)/ios.app/ios";
			};
			name = Debug;
		};
		A1D322B72156C49100C7AFF8 /* Release */ = {
			isa = XCBuildConfiguration;
			baseConfigurationReference = 29F9FF538E94B593DD104AA0 /* Pods-iosTests.release.xcconfig */;
			buildSettings = {
				ALWAYS_EMBED_SWIFT_STANDARD_LIBRARIES = YES;
				BUNDLE_LOADER = "$(TEST_HOST)";
				CODE_SIGN_STYLE = Automatic;
				INFOPLIST_FILE = iosTests/Info.plist;
				LD_RUNPATH_SEARCH_PATHS = (
					"$(inherited)",
					"@executable_path/Frameworks",
					"@loader_path/Frameworks",
				);
				PRODUCT_BUNDLE_IDENTIFIER = lawonga.iosTests;
				PRODUCT_NAME = "$(TARGET_NAME)";
				SWIFT_VERSION = 4.0;
				TARGETED_DEVICE_FAMILY = "1,2";
				TEST_HOST = "$(BUILT_PRODUCTS_DIR)/ios.app/ios";
			};
			name = Release;
		};
		A1D322B92156C49100C7AFF8 /* Debug */ = {
			isa = XCBuildConfiguration;
			baseConfigurationReference = 8DEF72EC55762A34085DC7FB /* Pods-iosUITests.debug.xcconfig */;
			buildSettings = {
				ALWAYS_EMBED_SWIFT_STANDARD_LIBRARIES = YES;
				CODE_SIGN_STYLE = Automatic;
				INFOPLIST_FILE = iosUITests/Info.plist;
				LD_RUNPATH_SEARCH_PATHS = (
					"$(inherited)",
					"@executable_path/Frameworks",
					"@loader_path/Frameworks",
				);
				PRODUCT_BUNDLE_IDENTIFIER = lawonga.iosUITests;
				PRODUCT_NAME = "$(TARGET_NAME)";
				SWIFT_VERSION = 4.0;
				TARGETED_DEVICE_FAMILY = "1,2";
				TEST_TARGET_NAME = ios;
			};
			name = Debug;
		};
		A1D322BA2156C49100C7AFF8 /* Release */ = {
			isa = XCBuildConfiguration;
			baseConfigurationReference = 652524D85866399EB37A3BFA /* Pods-iosUITests.release.xcconfig */;
			buildSettings = {
				ALWAYS_EMBED_SWIFT_STANDARD_LIBRARIES = YES;
				CODE_SIGN_STYLE = Automatic;
				INFOPLIST_FILE = iosUITests/Info.plist;
				LD_RUNPATH_SEARCH_PATHS = (
					"$(inherited)",
					"@executable_path/Frameworks",
					"@loader_path/Frameworks",
				);
				PRODUCT_BUNDLE_IDENTIFIER = lawonga.iosUITests;
				PRODUCT_NAME = "$(TARGET_NAME)";
				SWIFT_VERSION = 4.0;
				TARGETED_DEVICE_FAMILY = "1,2";
				TEST_TARGET_NAME = ios;
			};
			name = Release;
		};
/* End XCBuildConfiguration section */

/* Begin XCConfigurationList section */
		A1D322822156C49000C7AFF8 /* Build configuration list for PBXProject "ios" */ = {
			isa = XCConfigurationList;
			buildConfigurations = (
				A1D322B02156C49100C7AFF8 /* Debug */,
				A1D322B12156C49100C7AFF8 /* Release */,
			);
			defaultConfigurationIsVisible = 0;
			defaultConfigurationName = Release;
		};
		A1D322B22156C49100C7AFF8 /* Build configuration list for PBXNativeTarget "ios" */ = {
			isa = XCConfigurationList;
			buildConfigurations = (
				A1D322B32156C49100C7AFF8 /* Debug */,
				A1D322B42156C49100C7AFF8 /* Release */,
			);
			defaultConfigurationIsVisible = 0;
			defaultConfigurationName = Release;
		};
		A1D322B52156C49100C7AFF8 /* Build configuration list for PBXNativeTarget "iosTests" */ = {
			isa = XCConfigurationList;
			buildConfigurations = (
				A1D322B62156C49100C7AFF8 /* Debug */,
				A1D322B72156C49100C7AFF8 /* Release */,
			);
			defaultConfigurationIsVisible = 0;
			defaultConfigurationName = Release;
		};
		A1D322B82156C49100C7AFF8 /* Build configuration list for PBXNativeTarget "iosUITests" */ = {
			isa = XCConfigurationList;
			buildConfigurations = (
				A1D322B92156C49100C7AFF8 /* Debug */,
				A1D322BA2156C49100C7AFF8 /* Release */,
			);
			defaultConfigurationIsVisible = 0;
			defaultConfigurationName = Release;
		};
/* End XCConfigurationList section */

/* Begin XCVersionGroup section */
		A1D322912156C49000C7AFF8 /* ios.xcdatamodeld */ = {
			isa = XCVersionGroup;
			children = (
				A1D322922156C49000C7AFF8 /* ios.xcdatamodel */,
			);
			currentVersion = A1D322922156C49000C7AFF8 /* ios.xcdatamodel */;
			path = ios.xcdatamodeld;
			sourceTree = "<group>";
			versionGroupType = wrapper.xcdatamodel;
		};
/* End XCVersionGroup section */
	};
	rootObject = A1D3227F2156C49000C7AFF8 /* Project object */;
}
